
Microsoft Visual Studio Solution File, Format Version 12.00
# Visual Studio 14
VisualStudioVersion = 14.0.25420.1
MinimumVisualStudioVersion = 10.0.40219.1
Project("{8BC9CEB8-8B4A-11D0-8D11-00A0C91BC942}") = "build", "build.vcxproj", "{707AB41B-3ADE-4A1B-83C3-86030951DC06}"
	ProjectSection(ProjectDependencies) = postProject
		{11EBA9B5-FACA-4AB7-9A76-2776007B5241} = {11EBA9B5-FACA-4AB7-9A76-2776007B5241}
	EndProjectSection
EndProject
Project("{8BC9CEB8-8B4A-11D0-8D11-00A0C91BC942}") = "library", "library.vcxproj", "{11EBA9B5-FACA-4AB7-9A76-2776007B5241}"
EndProject
Global
	GlobalSection(SolutionConfigurationPlatforms) = preSolution
		Debug|x64 = Debug|x64
		Debug|x86 = Debug|x86
		Release|x64 = Release|x64
		Release|x86 = Release|x86
	EndGlobalSection
	GlobalSection(ProjectConfigurationPlatforms) = postSolution
		{707AB41B-3ADE-4A1B-83C3-86030951DC06}.Debug|x64.ActiveCfg = Debug|x64
		{707AB41B-3ADE-4A1B-83C3-86030951DC06}.Debug|x64.Build.0 = Debug|x64
		{707AB41B-3ADE-4A1B-83C3-86030951DC06}.Debug|x86.ActiveCfg = Debug|Win32
		{707AB41B-3ADE-4A1B-83C3-86030951DC06}.Debug|x86.Build.0 = Debug|Win32
		{707AB41B-3ADE-4A1B-83C3-86030951DC06}.Release|x64.ActiveCfg = Release|x64
		{707AB41B-3ADE-4A1B-83C3-86030951DC06}.Release|x64.Build.0 = Release|x64
		{707AB41B-3ADE-4A1B-83C3-86030951DC06}.Release|x86.ActiveCfg = Release|Win32
		{707AB41B-3ADE-4A1B-83C3-86030951DC06}.Release|x86.Build.0 = Release|Win32
		{11EBA9B5-FACA-4AB7-9A76-2776007B5241}.Debug|x64.ActiveCfg = Debug|x64
		{11EBA9B5-FACA-4AB7-9A76-2776007B5241}.Debug|x64.Build.0 = Debug|x64
		{11EBA9B5-FACA-4AB7-9A76-2776007B5241}.Debug|x86.ActiveCfg = Debug|Win32
		{11EBA9B5-FACA-4AB7-9A76-2776007B5241}.Debug|x86.Build.0 = Debug|Win32
		{11EBA9B5-FACA-4AB7-9A76-2776007B5241}.Release|x64.ActiveCfg = Release|x64
		{11EBA9B5-FACA-4AB7-9A76-2776007B5241}.Release|x64.Build.0 = Release|x64
		{11EBA9B5-FACA-4AB7-9A76-2776007B5241}.Release|x86.ActiveCfg = Release|Win32
		{11EBA9B5-FACA-4AB7-9A76-2776007B5241}.Release|x86.Build.0 = Release|Win32
	EndGlobalSection
	GlobalSection(SolutionProperties) = preSolution
		HideSolutionNode = FALSE
	EndGlobalSection
EndGlobal
